// !$*UTF8*$!
{
	archiveVersion = 1;
	classes = {
	};
	objectVersion = 46;
	objects = {

/* Begin PBXBuildFile section */
		3522B1C415F904E000351928 /* mediaRAID.c in Sources */ = {isa = PBXBuildFile; fileRef = 3522B1C315F904E000351928 /* mediaRAID.c */; };
		3522B20D15F9167F00351928 /* libfuse.dylib in Frameworks */ = {isa = PBXBuildFile; fileRef = 3522B20C15F9167F00351928 /* libfuse.dylib */; };
		3522B20F15F9171E00351928 /* fuse_multiplex.c in Sources */ = {isa = PBXBuildFile; fileRef = 3522B20E15F9171E00351928 /* fuse_multiplex.c */; };
		3522B21215F922A200351928 /* simplehash.c in Sources */ = {isa = PBXBuildFile; fileRef = 3522B21115F922A200351928 /* simplehash.c */; };
		3522B21A15F945D900351928 /* exlog.c in Sources */ = {isa = PBXBuildFile; fileRef = 3522B21915F945D900351928 /* exlog.c */; };
		3522B22215F94B7900351928 /* volumes.c in Sources */ = {isa = PBXBuildFile; fileRef = 3522B22115F94B7900351928 /* volumes.c */; };
		3522B22A15FEA0E500351928 /* data_structs.c in Sources */ = {isa = PBXBuildFile; fileRef = 3522B22915FEA0E500351928 /* data_structs.c */; };
		35AC127E15FA56CA00685B10 /* httpd.c in Sources */ = {isa = PBXBuildFile; fileRef = 35AC127D15FA56CA00685B10 /* httpd.c */; };
		35AC128015FA5D6E00685B10 /* libmicrohttpd.a in Frameworks */ = {isa = PBXBuildFile; fileRef = 35AC127F15FA5D6E00685B10 /* libmicrohttpd.a */; };
		35AC128215FA6ECF00685B10 /* libjansson.a in Frameworks */ = {isa = PBXBuildFile; fileRef = 35AC128115FA6ECF00685B10 /* libjansson.a */; };
/* End PBXBuildFile section */

/* Begin PBXCopyFilesBuildPhase section */
		3522B1BD15F904E000351928 /* CopyFiles */ = {
			isa = PBXCopyFilesBuildPhase;
			buildActionMask = 2147483647;
			dstPath = /usr/share/man/man1/;
			dstSubfolderSpec = 0;
			files = (
			);
			runOnlyForDeploymentPostprocessing = 1;
		};
/* End PBXCopyFilesBuildPhase section */

/* Begin PBXFileReference section */
		3522B1BF15F904E000351928 /* mediaRAID */ = {isa = PBXFileReference; explicitFileType = "compiled.mach-o.executable"; includeInIndex = 0; path = mediaRAID; sourceTree = BUILT_PRODUCTS_DIR; };
		3522B1C315F904E000351928 /* mediaRAID.c */ = {isa = PBXFileReference; lastKnownFileType = sourcecode.c.c; path = mediaRAID.c; sourceTree = "<group>"; };
		3522B20915F90F9B00351928 /* mediaRAID.h */ = {isa = PBXFileReference; lastKnownFileType = sourcecode.c.h; path = mediaRAID.h; sourceTree = "<group>"; };
		3522B20C15F9167F00351928 /* libfuse.dylib */ = {isa = PBXFileReference; lastKnownFileType = "compiled.mach-o.dylib"; name = libfuse.dylib; path = ../../../../../usr/local/lib/libfuse.dylib; sourceTree = "<group>"; };
		3522B20E15F9171E00351928 /* fuse_multiplex.c */ = {isa = PBXFileReference; fileEncoding = 4; lastKnownFileType = sourcecode.c.c; path = fuse_multiplex.c; sourceTree = "<group>"; };
		3522B21015F9173000351928 /* fuse_multiplex.h */ = {isa = PBXFileReference; lastKnownFileType = sourcecode.c.h; path = fuse_multiplex.h; sourceTree = "<group>"; };
		3522B21115F922A200351928 /* simplehash.c */ = {isa = PBXFileReference; fileEncoding = 4; lastKnownFileType = sourcecode.c.c; path = simplehash.c; sourceTree = "<group>"; };
		3522B21315F922B000351928 /* simplehash.h */ = {isa = PBXFileReference; lastKnownFileType = sourcecode.c.h; path = simplehash.h; sourceTree = "<group>"; };
		3522B21815F945CC00351928 /* exlog.h */ = {isa = PBXFileReference; lastKnownFileType = sourcecode.c.h; path = exlog.h; sourceTree = "<group>"; };
		3522B21915F945D900351928 /* exlog.c */ = {isa = PBXFileReference; fileEncoding = 4; lastKnownFileType = sourcecode.c.c; path = exlog.c; sourceTree = "<group>"; };
		3522B21F15F94B6F00351928 /* volumes.h */ = {isa = PBXFileReference; lastKnownFileType = sourcecode.c.h; path = volumes.h; sourceTree = "<group>"; };
		3522B22115F94B7900351928 /* volumes.c */ = {isa = PBXFileReference; fileEncoding = 4; lastKnownFileType = sourcecode.c.c; path = volumes.c; sourceTree = "<group>"; };
		3522B22715FEA0D500351928 /* data_structs.h */ = {isa = PBXFileReference; lastKnownFileType = sourcecode.c.h; path = data_structs.h; sourceTree = "<group>"; };
		3522B22915FEA0E500351928 /* data_structs.c */ = {isa = PBXFileReference; fileEncoding = 4; lastKnownFileType = sourcecode.c.c; path = data_structs.c; sourceTree = "<group>"; };
		35AC127B15FA56B500685B10 /* httpd.h */ = {isa = PBXFileReference; lastKnownFileType = sourcecode.c.h; path = httpd.h; sourceTree = "<group>"; };
		35AC127D15FA56CA00685B10 /* httpd.c */ = {isa = PBXFileReference; fileEncoding = 4; lastKnownFileType = sourcecode.c.c; path = httpd.c; sourceTree = "<group>"; };
		35AC127F15FA5D6E00685B10 /* libmicrohttpd.a */ = {isa = PBXFileReference; lastKnownFileType = archive.ar; name = libmicrohttpd.a; path = ../../../../../usr/local/lib/libmicrohttpd.a; sourceTree = "<group>"; };
		35AC128115FA6ECF00685B10 /* libjansson.a */ = {isa = PBXFileReference; lastKnownFileType = archive.ar; name = libjansson.a; path = ../../../../../usr/local/lib/libjansson.a; sourceTree = "<group>"; };
/* End PBXFileReference section */

/* Begin PBXFrameworksBuildPhase section */
		3522B1BC15F904E000351928 /* Frameworks */ = {
			isa = PBXFrameworksBuildPhase;
			buildActionMask = 2147483647;
			files = (
				3522B20D15F9167F00351928 /* libfuse.dylib in Frameworks */,
				35AC128015FA5D6E00685B10 /* libmicrohttpd.a in Frameworks */,
				35AC128215FA6ECF00685B10 /* libjansson.a in Frameworks */,
			);
			runOnlyForDeploymentPostprocessing = 0;
		};
/* End PBXFrameworksBuildPhase section */

/* Begin PBXGroup section */
		3522B1B415F904E000351928 = {
			isa = PBXGroup;
			children = (
				3522B20C15F9167F00351928 /* libfuse.dylib */,
				35AC127F15FA5D6E00685B10 /* libmicrohttpd.a */,
				35AC128115FA6ECF00685B10 /* libjansson.a */,
				3522B1C215F904E000351928 /* src */,
				3522B1C015F904E000351928 /* Products */,
			);
			sourceTree = "<group>";
		};
		3522B1C015F904E000351928 /* Products */ = {
			isa = PBXGroup;
			children = (
				3522B1BF15F904E000351928 /* mediaRAID */,
			);
			name = Products;
			sourceTree = "<group>";
		};
		3522B1C215F904E000351928 /* src */ = {
			isa = PBXGroup;
			children = (
				3522B20915F90F9B00351928 /* mediaRAID.h */,
				3522B1C315F904E000351928 /* mediaRAID.c */,
				3522B21015F9173000351928 /* fuse_multiplex.h */,
				3522B20E15F9171E00351928 /* fuse_multiplex.c */,
				3522B21315F922B000351928 /* simplehash.h */,
				3522B21115F922A200351928 /* simplehash.c */,
				3522B22715FEA0D500351928 /* data_structs.h */,
				3522B22915FEA0E500351928 /* data_structs.c */,
				3522B21815F945CC00351928 /* exlog.h */,
				3522B21915F945D900351928 /* exlog.c */,
				3522B21F15F94B6F00351928 /* volumes.h */,
				3522B22115F94B7900351928 /* volumes.c */,
				35AC127B15FA56B500685B10 /* httpd.h */,
				35AC127D15FA56CA00685B10 /* httpd.c */,
			);
			name = src;
			path = ../src;
			sourceTree = "<group>";
		};
/* End PBXGroup section */

/* Begin PBXNativeTarget section */
		3522B1BE15F904E000351928 /* mediaRAID */ = {
			isa = PBXNativeTarget;
			buildConfigurationList = 3522B1C915F904E100351928 /* Build configuration list for PBXNativeTarget "mediaRAID" */;
			buildPhases = (
				3522B1BB15F904E000351928 /* Sources */,
				3522B1BC15F904E000351928 /* Frameworks */,
				3522B1BD15F904E000351928 /* CopyFiles */,
			);
			buildRules = (
			);
			dependencies = (
			);
			name = mediaRAID;
			productName = mediaRAID;
			productReference = 3522B1BF15F904E000351928 /* mediaRAID */;
			productType = "com.apple.product-type.tool";
		};
/* End PBXNativeTarget section */

/* Begin PBXProject section */
		3522B1B615F904E000351928 /* Project object */ = {
			isa = PBXProject;
			attributes = {
				LastUpgradeCheck = 0440;
				ORGANIZATIONNAME = "Jason Fieldman";
			};
			buildConfigurationList = 3522B1B915F904E000351928 /* Build configuration list for PBXProject "mediaRAID" */;
			compatibilityVersion = "Xcode 3.2";
			developmentRegion = English;
			hasScannedForEncodings = 0;
			knownRegions = (
				en,
			);
			mainGroup = 3522B1B415F904E000351928;
			productRefGroup = 3522B1C015F904E000351928 /* Products */;
			projectDirPath = "";
			projectRoot = "";
			targets = (
				3522B1BE15F904E000351928 /* mediaRAID */,
			);
		};
/* End PBXProject section */

/* Begin PBXSourcesBuildPhase section */
		3522B1BB15F904E000351928 /* Sources */ = {
			isa = PBXSourcesBuildPhase;
			buildActionMask = 2147483647;
			files = (
				3522B1C415F904E000351928 /* mediaRAID.c in Sources */,
				3522B20F15F9171E00351928 /* fuse_multiplex.c in Sources */,
				3522B21215F922A200351928 /* simplehash.c in Sources */,
				3522B21A15F945D900351928 /* exlog.c in Sources */,
				3522B22215F94B7900351928 /* volumes.c in Sources */,
				35AC127E15FA56CA00685B10 /* httpd.c in Sources */,
				3522B22A15FEA0E500351928 /* data_structs.c in Sources */,
			);
			runOnlyForDeploymentPostprocessing = 0;
		};
/* End PBXSourcesBuildPhase section */

/* Begin XCBuildConfiguration section */
		3522B1C715F904E100351928 /* Debug */ = {
			isa = XCBuildConfiguration;
			buildSettings = {
				ALWAYS_SEARCH_USER_PATHS = NO;
				ARCHS = "$(ARCHS_STANDARD_64_BIT)";
				CLANG_CXX_LANGUAGE_STANDARD = "gnu++0x";
				CLANG_WARN__DUPLICATE_METHOD_MATCH = YES;
				COPY_PHASE_STRIP = NO;
				GCC_C_LANGUAGE_STANDARD = gnu99;
				GCC_DYNAMIC_NO_PIC = NO;
				GCC_ENABLE_OBJC_EXCEPTIONS = YES;
				GCC_OPTIMIZATION_LEVEL = 0;
				GCC_PREPROCESSOR_DEFINITIONS = (
					"DEBUG=1",
					"$(inherited)",
				);
				GCC_SYMBOLS_PRIVATE_EXTERN = NO;
				GCC_WARN_64_TO_32_BIT_CONVERSION = YES;
				GCC_WARN_ABOUT_RETURN_TYPE = YES;
				GCC_WARN_UNINITIALIZED_AUTOS = YES;
				GCC_WARN_UNUSED_VARIABLE = YES;
				HEADER_SEARCH_PATHS = "/usr/local/include/**";
				LIBRARY_SEARCH_PATHS = "/usr/local/lib/**";
				MACOSX_DEPLOYMENT_TARGET = 10.8;
				ONLY_ACTIVE_ARCH = YES;
				OTHER_CFLAGS = (
					"-D_FILE_OFFSET_BITS=64",
					"-I/usr/include/fuse",
					"-pthread",
					"-lfuse",
					"-lmicrohttpd",
					"-DFUSE_USE_VERSION=26",
					"-DEXDEBUGENABLED",
				);
				SDKROOT = macosx;
			};
			name = Debug;
		};
		3522B1C815F904E100351928 /* Release */ = {
			isa = XCBuildConfiguration;
			buildSettings = {
				ALWAYS_SEARCH_USER_PATHS = NO;
				ARCHS = "$(ARCHS_STANDARD_64_BIT)";
				CLANG_CXX_LANGUAGE_STANDARD = "gnu++0x";
				CLANG_WARN__DUPLICATE_METHOD_MATCH = YES;
				COPY_PHASE_STRIP = YES;
				DEBUG_INFORMATION_FORMAT = "dwarf-with-dsym";
				GCC_C_LANGUAGE_STANDARD = gnu99;
				GCC_ENABLE_OBJC_EXCEPTIONS = YES;
				GCC_WARN_64_TO_32_BIT_CONVERSION = YES;
				GCC_WARN_ABOUT_RETURN_TYPE = YES;
				GCC_WARN_UNINITIALIZED_AUTOS = YES;
				GCC_WARN_UNUSED_VARIABLE = YES;
				HEADER_SEARCH_PATHS = "/usr/local/include/**";
				LIBRARY_SEARCH_PATHS = "/usr/local/lib/**";
				MACOSX_DEPLOYMENT_TARGET = 10.8;
				OTHER_CFLAGS = (
					"-D_FILE_OFFSET_BITS=64",
					"-I/usr/include/fuse",
					"-pthread",
					"-lfuse",
					"-lmicrohttpd",
					"-DFUSE_USE_VERSION=26",
					"-DEXDEBUGENABLED",
				);
				SDKROOT = macosx;
			};
			name = Release;
		};
		3522B1CA15F904E100351928 /* Debug */ = {
			isa = XCBuildConfiguration;
			buildSettings = {
				PRODUCT_NAME = "$(TARGET_NAME)";
			};
			name = Debug;
		};
		3522B1CB15F904E100351928 /* Release */ = {
			isa = XCBuildConfiguration;
			buildSettings = {
				PRODUCT_NAME = "$(TARGET_NAME)";
			};
			name = Release;
		};
/* End XCBuildConfiguration section */

/* Begin XCConfigurationList section */
		3522B1B915F904E000351928 /* Build configuration list for PBXProject "mediaRAID" */ = {
			isa = XCConfigurationList;
			buildConfigurations = (
				3522B1C715F904E100351928 /* Debug */,
				3522B1C815F904E100351928 /* Release */,
			);
			defaultConfigurationIsVisible = 0;
			defaultConfigurationName = Release;
		};
		3522B1C915F904E100351928 /* Build configuration list for PBXNativeTarget "mediaRAID" */ = {
			isa = XCConfigurationList;
			buildConfigurations = (
				3522B1CA15F904E100351928 /* Debug */,
				3522B1CB15F904E100351928 /* Release */,
			);
			defaultConfigurationIsVisible = 0;
			defaultConfigurationName = Release;
		};
/* End XCConfigurationList section */
	};
	rootObject = 3522B1B615F904E000351928 /* Project object */;
}
