// !$*UTF8*$!
{
	archiveVersion = 1;
	classes = {
	};
	objectVersion = 46;
	objects = {

/* Begin PBXBuildFile section */
		3522B1C415F904E000351928 /* mediaRAID.c in Sources */ = {isa = PBXBuildFile; fileRef = 3522B1C315F904E000351928 /* mediaRAID.c */; };
		3522B20D15F9167F00351928 /* libfuse.dylib in Frameworks */ = {isa = PBXBuildFile; fileRef = 3522B20C15F9167F00351928 /* libfuse.dylib */; };
		3522B20F15F9171E00351928 /* fuse_multiplex.c in Sources */ = {isa = PBXBuildFile; fileRef = 3522B20E15F9171E00351928 /* fuse_multiplex.c */; };
		3522B21215F922A200351928 /* simplehash.c in Sources */ = {isa = PBXBuildFile; fileRef = 3522B21115F922A200351928 /* simplehash.c */; };
		3522B21A15F945D900351928 /* exlog.c in Sources */ = {isa = PBXBuildFile; fileRef = 3522B21915F945D900351928 /* exlog.c */; };
		3522B22215F94B7900351928 /* volumes.c in Sources */ = {isa = PBXBuildFile; fileRef = 3522B22115F94B7900351928 /* volumes.c */; };
		3522B22A15FEA0E500351928 /* data_structs.c in Sources */ = {isa = PBXBuildFile; fileRef = 3522B22915FEA0E500351928 /* data_structs.c */; };
		3529A86E1659A2B4002AFAE9 /* statusbar_off.png in Resources */ = {isa = PBXBuildFile; fileRef = 3529A8691659A188002AFAE9 /* statusbar_off.png */; };
		3529A86F1659A2B4002AFAE9 /* statusbar_off@2x.png in Resources */ = {isa = PBXBuildFile; fileRef = 3529A86A1659A188002AFAE9 /* statusbar_off@2x.png */; };
		3529A8701659A2B4002AFAE9 /* statusbar_on.png in Resources */ = {isa = PBXBuildFile; fileRef = 3529A86B1659A188002AFAE9 /* statusbar_on.png */; };
		3529A8711659A2B4002AFAE9 /* statusbar_on@2x.png in Resources */ = {isa = PBXBuildFile; fileRef = 3529A86C1659A188002AFAE9 /* statusbar_on@2x.png */; };
		35AC127E15FA56CA00685B10 /* httpd.c in Sources */ = {isa = PBXBuildFile; fileRef = 35AC127D15FA56CA00685B10 /* httpd.c */; };
		35AC128015FA5D6E00685B10 /* libmicrohttpd.a in Frameworks */ = {isa = PBXBuildFile; fileRef = 35AC127F15FA5D6E00685B10 /* libmicrohttpd.a */; };
		35AC128215FA6ECF00685B10 /* libjansson.a in Frameworks */ = {isa = PBXBuildFile; fileRef = 35AC128115FA6ECF00685B10 /* libjansson.a */; };
		35AC12A315FFBDE000685B10 /* files.c in Sources */ = {isa = PBXBuildFile; fileRef = 35AC12A215FFBDE000685B10 /* files.c */; };
		35AC12A61601252A00685B10 /* replication.c in Sources */ = {isa = PBXBuildFile; fileRef = 35AC12A51601252900685B10 /* replication.c */; };
		35FBD59F1656DC0400D53A50 /* Cocoa.framework in Frameworks */ = {isa = PBXBuildFile; fileRef = 35FBD59E1656DC0400D53A50 /* Cocoa.framework */; };
		35FBD5A91656DC0400D53A50 /* InfoPlist.strings in Resources */ = {isa = PBXBuildFile; fileRef = 35FBD5A71656DC0400D53A50 /* InfoPlist.strings */; };
		35FBD5AB1656DC0400D53A50 /* main.m in Sources */ = {isa = PBXBuildFile; fileRef = 35FBD5AA1656DC0400D53A50 /* main.m */; };
		35FBD5AF1656DC0400D53A50 /* Credits.rtf in Resources */ = {isa = PBXBuildFile; fileRef = 35FBD5AD1656DC0400D53A50 /* Credits.rtf */; };
		35FBD5B21656DC0400D53A50 /* AppDelegate.m in Sources */ = {isa = PBXBuildFile; fileRef = 35FBD5B11656DC0400D53A50 /* AppDelegate.m */; };
		35FBD5B51656DC0400D53A50 /* MainMenu.xib in Resources */ = {isa = PBXBuildFile; fileRef = 35FBD5B31656DC0400D53A50 /* MainMenu.xib */; };
		35FBD5CE1656F19A00D53A50 /* RAIDStatusBarView.m in Sources */ = {isa = PBXBuildFile; fileRef = 35FBD5CC1656ED9900D53A50 /* RAIDStatusBarView.m */; };
		35FBD5D21656F49E00D53A50 /* MainWindowController.m in Sources */ = {isa = PBXBuildFile; fileRef = 35FBD5D01656F33400D53A50 /* MainWindowController.m */; };
		35FBD5D816571C3700D53A50 /* MountPointInfoView.m in Sources */ = {isa = PBXBuildFile; fileRef = 35FBD5D716571C3700D53A50 /* MountPointInfoView.m */; };
		35FBD5E216582DCB00D53A50 /* VolumeTableView.m in Sources */ = {isa = PBXBuildFile; fileRef = 35FBD5E116582DCB00D53A50 /* VolumeTableView.m */; };
		35FBD5E816583BA500D53A50 /* VolumeTableRowView.m in Sources */ = {isa = PBXBuildFile; fileRef = 35FBD5E716583BA500D53A50 /* VolumeTableRowView.m */; };
		35FBD5E91658400400D53A50 /* httpd.c in Sources */ = {isa = PBXBuildFile; fileRef = 35AC127D15FA56CA00685B10 /* httpd.c */; };
		35FBD5EA1658400700D53A50 /* files.c in Sources */ = {isa = PBXBuildFile; fileRef = 35AC12A215FFBDE000685B10 /* files.c */; };
		35FBD5EC1658401100D53A50 /* fuse_multiplex.c in Sources */ = {isa = PBXBuildFile; fileRef = 3522B20E15F9171E00351928 /* fuse_multiplex.c */; };
		35FBD5ED1658401100D53A50 /* replication.c in Sources */ = {isa = PBXBuildFile; fileRef = 35AC12A51601252900685B10 /* replication.c */; };
		35FBD5EE1658401100D53A50 /* simplehash.c in Sources */ = {isa = PBXBuildFile; fileRef = 3522B21115F922A200351928 /* simplehash.c */; };
		35FBD5EF1658401100D53A50 /* data_structs.c in Sources */ = {isa = PBXBuildFile; fileRef = 3522B22915FEA0E500351928 /* data_structs.c */; };
		35FBD5F01658401100D53A50 /* exlog.c in Sources */ = {isa = PBXBuildFile; fileRef = 3522B21915F945D900351928 /* exlog.c */; };
		35FBD5F11658401100D53A50 /* volumes.c in Sources */ = {isa = PBXBuildFile; fileRef = 3522B22115F94B7900351928 /* volumes.c */; };
		35FBD5F21658402800D53A50 /* libjansson.a in Frameworks */ = {isa = PBXBuildFile; fileRef = 35AC128115FA6ECF00685B10 /* libjansson.a */; };
		35FBD5F31658402C00D53A50 /* libmicrohttpd.a in Frameworks */ = {isa = PBXBuildFile; fileRef = 35AC127F15FA5D6E00685B10 /* libmicrohttpd.a */; };
		35FBD5F41658402F00D53A50 /* libfuse.dylib in Frameworks */ = {isa = PBXBuildFile; fileRef = 3522B20C15F9167F00351928 /* libfuse.dylib */; };
		35FBD5F716584F7B00D53A50 /* Notifications.m in Sources */ = {isa = PBXBuildFile; fileRef = 35FBD5F616584F7B00D53A50 /* Notifications.m */; };
/* End PBXBuildFile section */

/* Begin PBXCopyFilesBuildPhase section */
		3522B1BD15F904E000351928 /* CopyFiles */ = {
			isa = PBXCopyFilesBuildPhase;
			buildActionMask = 2147483647;
			dstPath = /usr/share/man/man1/;
			dstSubfolderSpec = 0;
			files = (
			);
			runOnlyForDeploymentPostprocessing = 1;
		};
/* End PBXCopyFilesBuildPhase section */

/* Begin PBXFileReference section */
		3522B1BF15F904E000351928 /* mediaRAID */ = {isa = PBXFileReference; explicitFileType = "compiled.mach-o.executable"; includeInIndex = 0; name = mediaRAID; path = mediaRAIDd; sourceTree = BUILT_PRODUCTS_DIR; };
		3522B1C315F904E000351928 /* mediaRAID.c */ = {isa = PBXFileReference; lastKnownFileType = sourcecode.c.c; path = mediaRAID.c; sourceTree = "<group>"; };
		3522B20915F90F9B00351928 /* mediaRAID.h */ = {isa = PBXFileReference; lastKnownFileType = sourcecode.c.h; path = mediaRAID.h; sourceTree = "<group>"; };
		3522B20C15F9167F00351928 /* libfuse.dylib */ = {isa = PBXFileReference; lastKnownFileType = "compiled.mach-o.dylib"; name = libfuse.dylib; path = ../../../../../usr/local/lib/libfuse.dylib; sourceTree = "<group>"; };
		3522B20E15F9171E00351928 /* fuse_multiplex.c */ = {isa = PBXFileReference; fileEncoding = 4; lastKnownFileType = sourcecode.c.c; path = fuse_multiplex.c; sourceTree = "<group>"; };
		3522B21015F9173000351928 /* fuse_multiplex.h */ = {isa = PBXFileReference; lastKnownFileType = sourcecode.c.h; path = fuse_multiplex.h; sourceTree = "<group>"; };
		3522B21115F922A200351928 /* simplehash.c */ = {isa = PBXFileReference; fileEncoding = 4; lastKnownFileType = sourcecode.c.c; path = simplehash.c; sourceTree = "<group>"; };
		3522B21315F922B000351928 /* simplehash.h */ = {isa = PBXFileReference; lastKnownFileType = sourcecode.c.h; path = simplehash.h; sourceTree = "<group>"; };
		3522B21815F945CC00351928 /* exlog.h */ = {isa = PBXFileReference; lastKnownFileType = sourcecode.c.h; path = exlog.h; sourceTree = "<group>"; };
		3522B21915F945D900351928 /* exlog.c */ = {isa = PBXFileReference; fileEncoding = 4; lastKnownFileType = sourcecode.c.c; path = exlog.c; sourceTree = "<group>"; };
		3522B21F15F94B6F00351928 /* volumes.h */ = {isa = PBXFileReference; lastKnownFileType = sourcecode.c.h; path = volumes.h; sourceTree = "<group>"; };
		3522B22115F94B7900351928 /* volumes.c */ = {isa = PBXFileReference; fileEncoding = 4; lastKnownFileType = sourcecode.c.c; path = volumes.c; sourceTree = "<group>"; };
		3522B22715FEA0D500351928 /* data_structs.h */ = {isa = PBXFileReference; lastKnownFileType = sourcecode.c.h; path = data_structs.h; sourceTree = "<group>"; };
		3522B22915FEA0E500351928 /* data_structs.c */ = {isa = PBXFileReference; fileEncoding = 4; lastKnownFileType = sourcecode.c.c; path = data_structs.c; sourceTree = "<group>"; };
		3529A8691659A188002AFAE9 /* statusbar_off.png */ = {isa = PBXFileReference; lastKnownFileType = image.png; path = statusbar_off.png; sourceTree = "<group>"; };
		3529A86A1659A188002AFAE9 /* statusbar_off@2x.png */ = {isa = PBXFileReference; lastKnownFileType = image.png; path = "statusbar_off@2x.png"; sourceTree = "<group>"; };
		3529A86B1659A188002AFAE9 /* statusbar_on.png */ = {isa = PBXFileReference; lastKnownFileType = image.png; path = statusbar_on.png; sourceTree = "<group>"; };
		3529A86C1659A188002AFAE9 /* statusbar_on@2x.png */ = {isa = PBXFileReference; lastKnownFileType = image.png; path = "statusbar_on@2x.png"; sourceTree = "<group>"; };
		35AC127B15FA56B500685B10 /* httpd.h */ = {isa = PBXFileReference; lastKnownFileType = sourcecode.c.h; path = httpd.h; sourceTree = "<group>"; };
		35AC127D15FA56CA00685B10 /* httpd.c */ = {isa = PBXFileReference; fileEncoding = 4; lastKnownFileType = sourcecode.c.c; path = httpd.c; sourceTree = "<group>"; };
		35AC127F15FA5D6E00685B10 /* libmicrohttpd.a */ = {isa = PBXFileReference; lastKnownFileType = archive.ar; name = libmicrohttpd.a; path = ../../../../../usr/local/lib/libmicrohttpd.a; sourceTree = "<group>"; };
		35AC128115FA6ECF00685B10 /* libjansson.a */ = {isa = PBXFileReference; lastKnownFileType = archive.ar; name = libjansson.a; path = ../../../../../usr/local/lib/libjansson.a; sourceTree = "<group>"; };
		35AC12A015FFBDD800685B10 /* files.h */ = {isa = PBXFileReference; lastKnownFileType = sourcecode.c.h; path = files.h; sourceTree = "<group>"; };
		35AC12A215FFBDE000685B10 /* files.c */ = {isa = PBXFileReference; fileEncoding = 4; lastKnownFileType = sourcecode.c.c; path = files.c; sourceTree = "<group>"; };
		35AC12A41601252100685B10 /* replication.h */ = {isa = PBXFileReference; lastKnownFileType = sourcecode.c.h; path = replication.h; sourceTree = "<group>"; };
		35AC12A51601252900685B10 /* replication.c */ = {isa = PBXFileReference; fileEncoding = 4; lastKnownFileType = sourcecode.c.c; path = replication.c; sourceTree = "<group>"; };
		35FBD59B1656DC0400D53A50 /* mediaRAID.app */ = {isa = PBXFileReference; explicitFileType = wrapper.application; includeInIndex = 0; path = mediaRAID.app; sourceTree = BUILT_PRODUCTS_DIR; };
		35FBD59E1656DC0400D53A50 /* Cocoa.framework */ = {isa = PBXFileReference; lastKnownFileType = wrapper.framework; name = Cocoa.framework; path = System/Library/Frameworks/Cocoa.framework; sourceTree = SDKROOT; };
		35FBD5A11656DC0400D53A50 /* AppKit.framework */ = {isa = PBXFileReference; lastKnownFileType = wrapper.framework; name = AppKit.framework; path = System/Library/Frameworks/AppKit.framework; sourceTree = SDKROOT; };
		35FBD5A21656DC0400D53A50 /* CoreData.framework */ = {isa = PBXFileReference; lastKnownFileType = wrapper.framework; name = CoreData.framework; path = System/Library/Frameworks/CoreData.framework; sourceTree = SDKROOT; };
		35FBD5A31656DC0400D53A50 /* Foundation.framework */ = {isa = PBXFileReference; lastKnownFileType = wrapper.framework; name = Foundation.framework; path = System/Library/Frameworks/Foundation.framework; sourceTree = SDKROOT; };
		35FBD5A61656DC0400D53A50 /* mediaRAID-Info.plist */ = {isa = PBXFileReference; lastKnownFileType = text.plist.xml; path = "mediaRAID-Info.plist"; sourceTree = "<group>"; };
		35FBD5A81656DC0400D53A50 /* en */ = {isa = PBXFileReference; lastKnownFileType = text.plist.strings; name = en; path = en.lproj/InfoPlist.strings; sourceTree = "<group>"; };
		35FBD5AA1656DC0400D53A50 /* main.m */ = {isa = PBXFileReference; lastKnownFileType = sourcecode.c.objc; path = main.m; sourceTree = "<group>"; };
		35FBD5AC1656DC0400D53A50 /* mediaRAID-Prefix.pch */ = {isa = PBXFileReference; lastKnownFileType = sourcecode.c.h; path = "mediaRAID-Prefix.pch"; sourceTree = "<group>"; };
		35FBD5AE1656DC0400D53A50 /* en */ = {isa = PBXFileReference; lastKnownFileType = text.rtf; name = en; path = en.lproj/Credits.rtf; sourceTree = "<group>"; };
		35FBD5B01656DC0400D53A50 /* AppDelegate.h */ = {isa = PBXFileReference; lastKnownFileType = sourcecode.c.h; path = AppDelegate.h; sourceTree = "<group>"; };
		35FBD5B11656DC0400D53A50 /* AppDelegate.m */ = {isa = PBXFileReference; lastKnownFileType = sourcecode.c.objc; path = AppDelegate.m; sourceTree = "<group>"; };
		35FBD5B41656DC0400D53A50 /* en */ = {isa = PBXFileReference; lastKnownFileType = file.xib; name = en; path = en.lproj/MainMenu.xib; sourceTree = "<group>"; };
		35FBD5CB1656ED9900D53A50 /* RAIDStatusBarView.h */ = {isa = PBXFileReference; fileEncoding = 4; lastKnownFileType = sourcecode.c.h; path = RAIDStatusBarView.h; sourceTree = "<group>"; };
		35FBD5CC1656ED9900D53A50 /* RAIDStatusBarView.m */ = {isa = PBXFileReference; fileEncoding = 4; lastKnownFileType = sourcecode.c.objc; path = RAIDStatusBarView.m; sourceTree = "<group>"; };
		35FBD5CF1656F33400D53A50 /* MainWindowController.h */ = {isa = PBXFileReference; fileEncoding = 4; lastKnownFileType = sourcecode.c.h; path = MainWindowController.h; sourceTree = "<group>"; };
		35FBD5D01656F33400D53A50 /* MainWindowController.m */ = {isa = PBXFileReference; fileEncoding = 4; lastKnownFileType = sourcecode.c.objc; path = MainWindowController.m; sourceTree = "<group>"; };
		35FBD5D616571C3700D53A50 /* MountPointInfoView.h */ = {isa = PBXFileReference; fileEncoding = 4; lastKnownFileType = sourcecode.c.h; path = MountPointInfoView.h; sourceTree = "<group>"; };
		35FBD5D716571C3700D53A50 /* MountPointInfoView.m */ = {isa = PBXFileReference; fileEncoding = 4; lastKnownFileType = sourcecode.c.objc; path = MountPointInfoView.m; sourceTree = "<group>"; };
		35FBD5E016582DCB00D53A50 /* VolumeTableView.h */ = {isa = PBXFileReference; fileEncoding = 4; lastKnownFileType = sourcecode.c.h; path = VolumeTableView.h; sourceTree = "<group>"; };
		35FBD5E116582DCB00D53A50 /* VolumeTableView.m */ = {isa = PBXFileReference; fileEncoding = 4; lastKnownFileType = sourcecode.c.objc; path = VolumeTableView.m; sourceTree = "<group>"; };
		35FBD5E616583BA500D53A50 /* VolumeTableRowView.h */ = {isa = PBXFileReference; fileEncoding = 4; lastKnownFileType = sourcecode.c.h; path = VolumeTableRowView.h; sourceTree = "<group>"; };
		35FBD5E716583BA500D53A50 /* VolumeTableRowView.m */ = {isa = PBXFileReference; fileEncoding = 4; lastKnownFileType = sourcecode.c.objc; path = VolumeTableRowView.m; sourceTree = "<group>"; };
		35FBD5F516584F7B00D53A50 /* Notifications.h */ = {isa = PBXFileReference; fileEncoding = 4; lastKnownFileType = sourcecode.c.h; path = Notifications.h; sourceTree = "<group>"; };
		35FBD5F616584F7B00D53A50 /* Notifications.m */ = {isa = PBXFileReference; fileEncoding = 4; lastKnownFileType = sourcecode.c.objc; path = Notifications.m; sourceTree = "<group>"; };
/* End PBXFileReference section */

/* Begin PBXFrameworksBuildPhase section */
		3522B1BC15F904E000351928 /* Frameworks */ = {
			isa = PBXFrameworksBuildPhase;
			buildActionMask = 2147483647;
			files = (
				3522B20D15F9167F00351928 /* libfuse.dylib in Frameworks */,
				35AC128015FA5D6E00685B10 /* libmicrohttpd.a in Frameworks */,
				35AC128215FA6ECF00685B10 /* libjansson.a in Frameworks */,
			);
			runOnlyForDeploymentPostprocessing = 0;
		};
		35FBD5981656DC0400D53A50 /* Frameworks */ = {
			isa = PBXFrameworksBuildPhase;
			buildActionMask = 2147483647;
			files = (
				35FBD59F1656DC0400D53A50 /* Cocoa.framework in Frameworks */,
				35FBD5F21658402800D53A50 /* libjansson.a in Frameworks */,
				35FBD5F31658402C00D53A50 /* libmicrohttpd.a in Frameworks */,
				35FBD5F41658402F00D53A50 /* libfuse.dylib in Frameworks */,
			);
			runOnlyForDeploymentPostprocessing = 0;
		};
/* End PBXFrameworksBuildPhase section */

/* Begin PBXGroup section */
		3522B1B415F904E000351928 = {
			isa = PBXGroup;
			children = (
				3522B20C15F9167F00351928 /* libfuse.dylib */,
				35AC127F15FA5D6E00685B10 /* libmicrohttpd.a */,
				35AC128115FA6ECF00685B10 /* libjansson.a */,
				3522B1C215F904E000351928 /* src */,
				35FBD5A41656DC0400D53A50 /* mediaRAID OSX App */,
				35FBD59D1656DC0400D53A50 /* Frameworks */,
				3522B1C015F904E000351928 /* Products */,
			);
			sourceTree = "<group>";
		};
		3522B1C015F904E000351928 /* Products */ = {
			isa = PBXGroup;
			children = (
				3522B1BF15F904E000351928 /* mediaRAID */,
				35FBD59B1656DC0400D53A50 /* mediaRAID.app */,
			);
			name = Products;
			sourceTree = "<group>";
		};
		3522B1C215F904E000351928 /* src */ = {
			isa = PBXGroup;
			children = (
				3522B20915F90F9B00351928 /* mediaRAID.h */,
				3522B1C315F904E000351928 /* mediaRAID.c */,
				3522B21015F9173000351928 /* fuse_multiplex.h */,
				3522B20E15F9171E00351928 /* fuse_multiplex.c */,
				35AC12A41601252100685B10 /* replication.h */,
				35AC12A51601252900685B10 /* replication.c */,
				3522B21315F922B000351928 /* simplehash.h */,
				3522B21115F922A200351928 /* simplehash.c */,
				3522B22715FEA0D500351928 /* data_structs.h */,
				3522B22915FEA0E500351928 /* data_structs.c */,
				3522B21815F945CC00351928 /* exlog.h */,
				3522B21915F945D900351928 /* exlog.c */,
				3522B21F15F94B6F00351928 /* volumes.h */,
				3522B22115F94B7900351928 /* volumes.c */,
				35AC12A015FFBDD800685B10 /* files.h */,
				35AC12A215FFBDE000685B10 /* files.c */,
				35AC127B15FA56B500685B10 /* httpd.h */,
				35AC127D15FA56CA00685B10 /* httpd.c */,
			);
			name = src;
			path = ../src;
			sourceTree = "<group>";
		};
		3529A8671659A188002AFAE9 /* Images */ = {
			isa = PBXGroup;
			children = (
				3529A8691659A188002AFAE9 /* statusbar_off.png */,
				3529A86A1659A188002AFAE9 /* statusbar_off@2x.png */,
				3529A86B1659A188002AFAE9 /* statusbar_on.png */,
				3529A86C1659A188002AFAE9 /* statusbar_on@2x.png */,
			);
			path = Images;
			sourceTree = "<group>";
		};
		35FBD59D1656DC0400D53A50 /* Frameworks */ = {
			isa = PBXGroup;
			children = (
				35FBD59E1656DC0400D53A50 /* Cocoa.framework */,
				35FBD5A01656DC0400D53A50 /* Other Frameworks */,
			);
			name = Frameworks;
			sourceTree = "<group>";
		};
		35FBD5A01656DC0400D53A50 /* Other Frameworks */ = {
			isa = PBXGroup;
			children = (
				35FBD5A11656DC0400D53A50 /* AppKit.framework */,
				35FBD5A21656DC0400D53A50 /* CoreData.framework */,
				35FBD5A31656DC0400D53A50 /* Foundation.framework */,
			);
			name = "Other Frameworks";
			sourceTree = "<group>";
		};
		35FBD5A41656DC0400D53A50 /* mediaRAID OSX App */ = {
			isa = PBXGroup;
			children = (
				35FBD5C61656ED5700D53A50 /* Classes */,
				35FBD5B01656DC0400D53A50 /* AppDelegate.h */,
				35FBD5B11656DC0400D53A50 /* AppDelegate.m */,
				35FBD5B31656DC0400D53A50 /* MainMenu.xib */,
				35FBD5A51656DC0400D53A50 /* Supporting Files */,
			);
			name = "mediaRAID OSX App";
			path = mediaRAID;
			sourceTree = "<group>";
		};
		35FBD5A51656DC0400D53A50 /* Supporting Files */ = {
			isa = PBXGroup;
			children = (
				3529A8671659A188002AFAE9 /* Images */,
				35FBD5A61656DC0400D53A50 /* mediaRAID-Info.plist */,
				35FBD5A71656DC0400D53A50 /* InfoPlist.strings */,
				35FBD5AA1656DC0400D53A50 /* main.m */,
				35FBD5AC1656DC0400D53A50 /* mediaRAID-Prefix.pch */,
				35FBD5AD1656DC0400D53A50 /* Credits.rtf */,
			);
			name = "Supporting Files";
			sourceTree = "<group>";
		};
		35FBD5C61656ED5700D53A50 /* Classes */ = {
			isa = PBXGroup;
			children = (
				35FBD5C71656ED5700D53A50 /* Controllers */,
				35FBD5C81656ED5700D53A50 /* Helpers */,
				35FBD5C91656ED5700D53A50 /* Models */,
				35FBD5CA1656ED5700D53A50 /* Views */,
			);
			path = Classes;
			sourceTree = "<group>";
		};
		35FBD5C71656ED5700D53A50 /* Controllers */ = {
			isa = PBXGroup;
			children = (
				35FBD5CF1656F33400D53A50 /* MainWindowController.h */,
				35FBD5D01656F33400D53A50 /* MainWindowController.m */,
			);
			path = Controllers;
			sourceTree = "<group>";
		};
		35FBD5C81656ED5700D53A50 /* Helpers */ = {
			isa = PBXGroup;
			children = (
				35FBD5F516584F7B00D53A50 /* Notifications.h */,
				35FBD5F616584F7B00D53A50 /* Notifications.m */,
			);
			path = Helpers;
			sourceTree = "<group>";
		};
		35FBD5C91656ED5700D53A50 /* Models */ = {
			isa = PBXGroup;
			children = (
			);
			path = Models;
			sourceTree = "<group>";
		};
		35FBD5CA1656ED5700D53A50 /* Views */ = {
			isa = PBXGroup;
			children = (
				35FBD5CB1656ED9900D53A50 /* RAIDStatusBarView.h */,
				35FBD5CC1656ED9900D53A50 /* RAIDStatusBarView.m */,
				35FBD5D616571C3700D53A50 /* MountPointInfoView.h */,
				35FBD5D716571C3700D53A50 /* MountPointInfoView.m */,
				35FBD5E016582DCB00D53A50 /* VolumeTableView.h */,
				35FBD5E116582DCB00D53A50 /* VolumeTableView.m */,
				35FBD5E616583BA500D53A50 /* VolumeTableRowView.h */,
				35FBD5E716583BA500D53A50 /* VolumeTableRowView.m */,
			);
			path = Views;
			sourceTree = "<group>";
		};
/* End PBXGroup section */

/* Begin PBXNativeTarget section */
		3522B1BE15F904E000351928 /* mediaRAIDd */ = {
			isa = PBXNativeTarget;
			buildConfigurationList = 3522B1C915F904E100351928 /* Build configuration list for PBXNativeTarget "mediaRAIDd" */;
			buildPhases = (
				3522B1BB15F904E000351928 /* Sources */,
				3522B1BC15F904E000351928 /* Frameworks */,
				3522B1BD15F904E000351928 /* CopyFiles */,
			);
			buildRules = (
			);
			dependencies = (
			);
			name = mediaRAIDd;
			productName = mediaRAID;
			productReference = 3522B1BF15F904E000351928 /* mediaRAID */;
			productType = "com.apple.product-type.tool";
		};
		35FBD59A1656DC0400D53A50 /* mediaRAID */ = {
			isa = PBXNativeTarget;
			buildConfigurationList = 35FBD5B61656DC0400D53A50 /* Build configuration list for PBXNativeTarget "mediaRAID" */;
			buildPhases = (
				35FBD5971656DC0400D53A50 /* Sources */,
				35FBD5981656DC0400D53A50 /* Frameworks */,
				35FBD5991656DC0400D53A50 /* Resources */,
			);
			buildRules = (
			);
			dependencies = (
			);
			name = mediaRAID;
			productName = mediaRAID;
			productReference = 35FBD59B1656DC0400D53A50 /* mediaRAID.app */;
			productType = "com.apple.product-type.application";
		};
/* End PBXNativeTarget section */

/* Begin PBXProject section */
		3522B1B615F904E000351928 /* Project object */ = {
			isa = PBXProject;
			attributes = {
				LastUpgradeCheck = 0440;
				ORGANIZATIONNAME = "Jason Fieldman";
			};
			buildConfigurationList = 3522B1B915F904E000351928 /* Build configuration list for PBXProject "mediaRAID" */;
			compatibilityVersion = "Xcode 3.2";
			developmentRegion = English;
			hasScannedForEncodings = 0;
			knownRegions = (
				en,
			);
			mainGroup = 3522B1B415F904E000351928;
			productRefGroup = 3522B1C015F904E000351928 /* Products */;
			projectDirPath = "";
			projectRoot = "";
			targets = (
				3522B1BE15F904E000351928 /* mediaRAIDd */,
				35FBD59A1656DC0400D53A50 /* mediaRAID */,
			);
		};
/* End PBXProject section */

/* Begin PBXResourcesBuildPhase section */
		35FBD5991656DC0400D53A50 /* Resources */ = {
			isa = PBXResourcesBuildPhase;
			buildActionMask = 2147483647;
			files = (
				35FBD5A91656DC0400D53A50 /* InfoPlist.strings in Resources */,
				35FBD5AF1656DC0400D53A50 /* Credits.rtf in Resources */,
				35FBD5B51656DC0400D53A50 /* MainMenu.xib in Resources */,
				3529A86E1659A2B4002AFAE9 /* statusbar_off.png in Resources */,
				3529A86F1659A2B4002AFAE9 /* statusbar_off@2x.png in Resources */,
				3529A8701659A2B4002AFAE9 /* statusbar_on.png in Resources */,
				3529A8711659A2B4002AFAE9 /* statusbar_on@2x.png in Resources */,
			);
			runOnlyForDeploymentPostprocessing = 0;
		};
/* End PBXResourcesBuildPhase section */

/* Begin PBXSourcesBuildPhase section */
		3522B1BB15F904E000351928 /* Sources */ = {
			isa = PBXSourcesBuildPhase;
			buildActionMask = 2147483647;
			files = (
				3522B1C415F904E000351928 /* mediaRAID.c in Sources */,
				3522B20F15F9171E00351928 /* fuse_multiplex.c in Sources */,
				3522B21215F922A200351928 /* simplehash.c in Sources */,
				3522B21A15F945D900351928 /* exlog.c in Sources */,
				3522B22215F94B7900351928 /* volumes.c in Sources */,
				35AC127E15FA56CA00685B10 /* httpd.c in Sources */,
				3522B22A15FEA0E500351928 /* data_structs.c in Sources */,
				35AC12A315FFBDE000685B10 /* files.c in Sources */,
				35AC12A61601252A00685B10 /* replication.c in Sources */,
			);
			runOnlyForDeploymentPostprocessing = 0;
		};
		35FBD5971656DC0400D53A50 /* Sources */ = {
			isa = PBXSourcesBuildPhase;
			buildActionMask = 2147483647;
			files = (
				35FBD5AB1656DC0400D53A50 /* main.m in Sources */,
				35FBD5B21656DC0400D53A50 /* AppDelegate.m in Sources */,
				35FBD5CE1656F19A00D53A50 /* RAIDStatusBarView.m in Sources */,
				35FBD5D21656F49E00D53A50 /* MainWindowController.m in Sources */,
				35FBD5D816571C3700D53A50 /* MountPointInfoView.m in Sources */,
				35FBD5E216582DCB00D53A50 /* VolumeTableView.m in Sources */,
				35FBD5E816583BA500D53A50 /* VolumeTableRowView.m in Sources */,
				35FBD5E91658400400D53A50 /* httpd.c in Sources */,
				35FBD5EA1658400700D53A50 /* files.c in Sources */,
				35FBD5EC1658401100D53A50 /* fuse_multiplex.c in Sources */,
				35FBD5ED1658401100D53A50 /* replication.c in Sources */,
				35FBD5EE1658401100D53A50 /* simplehash.c in Sources */,
				35FBD5EF1658401100D53A50 /* data_structs.c in Sources */,
				35FBD5F01658401100D53A50 /* exlog.c in Sources */,
				35FBD5F11658401100D53A50 /* volumes.c in Sources */,
				35FBD5F716584F7B00D53A50 /* Notifications.m in Sources */,
			);
			runOnlyForDeploymentPostprocessing = 0;
		};
/* End PBXSourcesBuildPhase section */

/* Begin PBXVariantGroup section */
		35FBD5A71656DC0400D53A50 /* InfoPlist.strings */ = {
			isa = PBXVariantGroup;
			children = (
				35FBD5A81656DC0400D53A50 /* en */,
			);
			name = InfoPlist.strings;
			sourceTree = "<group>";
		};
		35FBD5AD1656DC0400D53A50 /* Credits.rtf */ = {
			isa = PBXVariantGroup;
			children = (
				35FBD5AE1656DC0400D53A50 /* en */,
			);
			name = Credits.rtf;
			sourceTree = "<group>";
		};
		35FBD5B31656DC0400D53A50 /* MainMenu.xib */ = {
			isa = PBXVariantGroup;
			children = (
				35FBD5B41656DC0400D53A50 /* en */,
			);
			name = MainMenu.xib;
			sourceTree = "<group>";
		};
/* End PBXVariantGroup section */

/* Begin XCBuildConfiguration section */
		3522B1C715F904E100351928 /* Debug */ = {
			isa = XCBuildConfiguration;
			buildSettings = {
				ALWAYS_SEARCH_USER_PATHS = NO;
				ARCHS = "$(ARCHS_STANDARD_64_BIT)";
				CLANG_CXX_LANGUAGE_STANDARD = "gnu++0x";
				CLANG_WARN__DUPLICATE_METHOD_MATCH = YES;
				COPY_PHASE_STRIP = NO;
				GCC_C_LANGUAGE_STANDARD = gnu99;
				GCC_DYNAMIC_NO_PIC = NO;
				GCC_ENABLE_OBJC_EXCEPTIONS = YES;
				GCC_OPTIMIZATION_LEVEL = 0;
				GCC_PREPROCESSOR_DEFINITIONS = (
					"DEBUG=1",
					"$(inherited)",
				);
				GCC_SYMBOLS_PRIVATE_EXTERN = NO;
				GCC_WARN_64_TO_32_BIT_CONVERSION = YES;
				GCC_WARN_ABOUT_RETURN_TYPE = YES;
				GCC_WARN_UNINITIALIZED_AUTOS = YES;
				GCC_WARN_UNUSED_VARIABLE = YES;
				HEADER_SEARCH_PATHS = "/usr/local/include/**";
				LIBRARY_SEARCH_PATHS = "/usr/local/lib/**";
				MACOSX_DEPLOYMENT_TARGET = 10.8;
				ONLY_ACTIVE_ARCH = YES;
				OTHER_CFLAGS = (
					"-D_FILE_OFFSET_BITS=64",
					"-I/usr/include/fuse",
					"-pthread",
					"-lfuse",
					"-lmicrohttpd",
					"-DFUSE_USE_VERSION=26",
					"-DEXDEBUGENABLED",
				);
				SDKROOT = macosx;
			};
			name = Debug;
		};
		3522B1C815F904E100351928 /* Release */ = {
			isa = XCBuildConfiguration;
			buildSettings = {
				ALWAYS_SEARCH_USER_PATHS = NO;
				ARCHS = "$(ARCHS_STANDARD_64_BIT)";
				CLANG_CXX_LANGUAGE_STANDARD = "gnu++0x";
				CLANG_WARN__DUPLICATE_METHOD_MATCH = YES;
				COPY_PHASE_STRIP = YES;
				DEBUG_INFORMATION_FORMAT = "dwarf-with-dsym";
				GCC_C_LANGUAGE_STANDARD = gnu99;
				GCC_ENABLE_OBJC_EXCEPTIONS = YES;
				GCC_WARN_64_TO_32_BIT_CONVERSION = YES;
				GCC_WARN_ABOUT_RETURN_TYPE = YES;
				GCC_WARN_UNINITIALIZED_AUTOS = YES;
				GCC_WARN_UNUSED_VARIABLE = YES;
				HEADER_SEARCH_PATHS = "/usr/local/include/**";
				LIBRARY_SEARCH_PATHS = "/usr/local/lib/**";
				MACOSX_DEPLOYMENT_TARGET = 10.8;
				OTHER_CFLAGS = (
					"-D_FILE_OFFSET_BITS=64",
					"-I/usr/include/fuse",
					"-pthread",
					"-lfuse",
					"-lmicrohttpd",
					"-DFUSE_USE_VERSION=26",
					"-DEXDEBUGENABLED",
				);
				SDKROOT = macosx;
			};
			name = Release;
		};
		3522B1CA15F904E100351928 /* Debug */ = {
			isa = XCBuildConfiguration;
			buildSettings = {
				PRODUCT_NAME = "$(TARGET_NAME)";
			};
			name = Debug;
		};
		3522B1CB15F904E100351928 /* Release */ = {
			isa = XCBuildConfiguration;
			buildSettings = {
				PRODUCT_NAME = "$(TARGET_NAME)";
			};
			name = Release;
		};
		35FBD5B71656DC0400D53A50 /* Debug */ = {
			isa = XCBuildConfiguration;
			buildSettings = {
				CLANG_CXX_LIBRARY = "libc++";
				CLANG_ENABLE_OBJC_ARC = YES;
				CLANG_WARN_EMPTY_BODY = YES;
				COMBINE_HIDPI_IMAGES = YES;
				GCC_PRECOMPILE_PREFIX_HEADER = YES;
				GCC_PREFIX_HEADER = "mediaRAID/mediaRAID-Prefix.pch";
				GENERATE_MASTER_OBJECT_FILE = NO;
				INFOPLIST_FILE = "mediaRAID/mediaRAID-Info.plist";
				MACOSX_DEPLOYMENT_TARGET = 10.7;
				PRODUCT_NAME = "$(TARGET_NAME)";
				WRAPPER_EXTENSION = app;
			};
			name = Debug;
		};
		35FBD5B81656DC0400D53A50 /* Release */ = {
			isa = XCBuildConfiguration;
			buildSettings = {
				CLANG_CXX_LIBRARY = "libc++";
				CLANG_ENABLE_OBJC_ARC = YES;
				CLANG_WARN_EMPTY_BODY = YES;
				COMBINE_HIDPI_IMAGES = YES;
				GCC_PRECOMPILE_PREFIX_HEADER = YES;
				GCC_PREFIX_HEADER = "mediaRAID/mediaRAID-Prefix.pch";
				GENERATE_MASTER_OBJECT_FILE = NO;
				INFOPLIST_FILE = "mediaRAID/mediaRAID-Info.plist";
				MACOSX_DEPLOYMENT_TARGET = 10.7;
				PRODUCT_NAME = "$(TARGET_NAME)";
				WRAPPER_EXTENSION = app;
			};
			name = Release;
		};
/* End XCBuildConfiguration section */

/* Begin XCConfigurationList section */
		3522B1B915F904E000351928 /* Build configuration list for PBXProject "mediaRAID" */ = {
			isa = XCConfigurationList;
			buildConfigurations = (
				3522B1C715F904E100351928 /* Debug */,
				3522B1C815F904E100351928 /* Release */,
			);
			defaultConfigurationIsVisible = 0;
			defaultConfigurationName = Release;
		};
		3522B1C915F904E100351928 /* Build configuration list for PBXNativeTarget "mediaRAIDd" */ = {
			isa = XCConfigurationList;
			buildConfigurations = (
				3522B1CA15F904E100351928 /* Debug */,
				3522B1CB15F904E100351928 /* Release */,
			);
			defaultConfigurationIsVisible = 0;
			defaultConfigurationName = Release;
		};
		35FBD5B61656DC0400D53A50 /* Build configuration list for PBXNativeTarget "mediaRAID" */ = {
			isa = XCConfigurationList;
			buildConfigurations = (
				35FBD5B71656DC0400D53A50 /* Debug */,
				35FBD5B81656DC0400D53A50 /* Release */,
			);
			defaultConfigurationIsVisible = 0;
			defaultConfigurationName = Release;
		};
/* End XCConfigurationList section */
	};
	rootObject = 3522B1B615F904E000351928 /* Project object */;
}
